
Microsoft Visual Studio Solution File, Format Version 12.00
# Visual Studio 15
VisualStudioVersion = 15.0.28307.852
MinimumVisualStudioVersion = 10.0.40219.1
Project("{FAE04EC0-301F-11D3-BF4B-00C04F79EFBC}") = "API", "API\API.csproj", "{7C501B8E-1CC3-478C-8458-3F4BDE98E8DD}"
EndProject
Project("{FAE04EC0-301F-11D3-BF4B-00C04F79EFBC}") = "MVCHost", "MVCHost\MVCHost.csproj", "{9590A668-3C93-4C0C-9716-F4A9B170C3CE}"
EndProject
Global
	GlobalSection(SolutionConfigurationPlatforms) = preSolution
		Debug|Any CPU = Debug|Any CPU
		Release|Any CPU = Release|Any CPU
	EndGlobalSection
	GlobalSection(ProjectConfigurationPlatforms) = postSolution
		{7C501B8E-1CC3-478C-8458-3F4BDE98E8DD}.Debug|Any CPU.ActiveCfg = Debug|Any CPU
		{7C501B8E-1CC3-478C-8458-3F4BDE98E8DD}.Debug|Any CPU.Build.0 = Debug|Any CPU
		{7C501B8E-1CC3-478C-8458-3F4BDE98E8DD}.Release|Any CPU.ActiveCfg = Release|Any CPU
		{7C501B8E-1CC3-478C-8458-3F4BDE98E8DD}.Release|Any CPU.Build.0 = Release|Any CPU
		{9590A668-3C93-4C0C-9716-F4A9B170C3CE}.Debug|Any CPU.ActiveCfg = Debug|Any CPU
		{9590A668-3C93-4C0C-9716-F4A9B170C3CE}.Debug|Any CPU.Build.0 = Debug|Any CPU
		{9590A668-3C93-4C0C-9716-F4A9B170C3CE}.Release|Any CPU.ActiveCfg = Release|Any CPU
		{9590A668-3C93-4C0C-9716-F4A9B170C3CE}.Release|Any CPU.Build.0 = Release|Any CPU
	EndGlobalSection
	GlobalSection(SolutionProperties) = preSolution
		HideSolutionNode = FALSE
	EndGlobalSection
	GlobalSection(ExtensibilityGlobals) = postSolution
		SolutionGuid = {4683278F-3E65-45F7-8F79-315CAF1EF778}
	EndGlobalSection
EndGlobal
